github.com/Kajmany/chess v0.0.0-20231129011824-4060b6a48480 h1:CC+lA0GxAx8vvVqM2wMuvt56gR0A3KJG1RgqyFfZ9t4=
github.com/Kajmany/chess v0.0.0-20231129011824-4060b6a48480/go.mod h1:cRuJUIBFq9Xki05TWHJxHYkC+fFpq45IWwk94DdlCrA=
github.com/ajstarks/svgo v0.0.0-20200320125537-f189e35d30ca/go.mod h1:K08gAheRH3/J6wwsYMMT4xOr94bZjxIelGM0+d/wbFw=
