github.com/Kajmany/chess v0.0.0-20231122061240-a7bb5b239e8f h1:caOeuRd5blDUUIiqG9s4EutCaWIujoZkeM6oUX5z/dI=
github.com/Kajmany/chess v0.0.0-20231122061240-a7bb5b239e8f/go.mod h1:cRuJUIBFq9Xki05TWHJxHYkC+fFpq45IWwk94DdlCrA=
github.com/ajstarks/svgo v0.0.0-20200320125537-f189e35d30ca/go.mod h1:K08gAheRH3/J6wwsYMMT4xOr94bZjxIelGM0+d/wbFw=
